
Microsoft Visual Studio Solution File, Format Version 12.00
# Visual Studio Version 16
VisualStudioVersion = 16.0.30717.126
MinimumVisualStudioVersion = 10.0.40219.1
Project("{FAE04EC0-301F-11D3-BF4B-00C04F79EFBC}") = "BolsaDeTrabajo", "BolsaDeTrabajo\BolsaDeTrabajo.csproj", "{3A9A62B7-23EC-4E5C-BCEA-F45BCEC5C92D}"
EndProject
Global
	GlobalSection(SolutionConfigurationPlatforms) = preSolution
		Debug|Any CPU = Debug|Any CPU
		Release|Any CPU = Release|Any CPU
	EndGlobalSection
	GlobalSection(ProjectConfigurationPlatforms) = postSolution
		{3A9A62B7-23EC-4E5C-BCEA-F45BCEC5C92D}.Debug|Any CPU.ActiveCfg = Debug|Any CPU
		{3A9A62B7-23EC-4E5C-BCEA-F45BCEC5C92D}.Debug|Any CPU.Build.0 = Debug|Any CPU
		{3A9A62B7-23EC-4E5C-BCEA-F45BCEC5C92D}.Release|Any CPU.ActiveCfg = Release|Any CPU
		{3A9A62B7-23EC-4E5C-BCEA-F45BCEC5C92D}.Release|Any CPU.Build.0 = Release|Any CPU
	EndGlobalSection
	GlobalSection(SolutionProperties) = preSolution
		HideSolutionNode = FALSE
	EndGlobalSection
	GlobalSection(ExtensibilityGlobals) = postSolution
		SolutionGuid = {4C2A8F84-8CBC-42D1-9E18-50DEB4C5A052}
	EndGlobalSection
EndGlobal
